
Microsoft Visual Studio Solution File, Format Version 12.00
# Visual Studio 15
Project("{FAE04EC0-301F-11D3-BF4B-00C04F79EFBC}") = "CSharp_Intermediate", "CSharp_Intermediate.csproj", "{65A4702D-6F67-4255-A715-04EC35039939}"
EndProject
Project("{FAE04EC0-301F-11D3-BF4B-00C04F79EFBC}") = "Section2.7_Classes_IntroToClasses", "Section2.7_Classes_IntroToClasses\Section2.7_Classes_IntroToClasses.csproj", "{A6483540-6607-4606-B171-5C296CD09A59}"
EndProject
Project("{FAE04EC0-301F-11D3-BF4B-00C04F79EFBC}") = "Section2.7.1._Classes_Demo", "Section2.7.1._Classes_Demo\Section2.7.1._Classes_Demo.csproj", "{6AA9CDEB-591C-4B14-991A-85FBD8552094}"
EndProject
Project("{FAE04EC0-301F-11D3-BF4B-00C04F79EFBC}") = "Section2.8._Constructors", "Section2.8._Constructors\Section2.8._Constructors.csproj", "{49F9D438-347C-483F-A324-98121C0A0F88}"
EndProject
Project("{FAE04EC0-301F-11D3-BF4B-00C04F79EFBC}") = "Section2.9._ObjectInitializers", "Section2.9._ObjectInitializers\Section2.9._ObjectInitializers.csproj", "{C7554C08-5764-4D9C-BCD2-AA2A3EBFBDD6}"
EndProject
Project("{FAE04EC0-301F-11D3-BF4B-00C04F79EFBC}") = "Section2.10._Methods", "Section2.10._Methods\Section2.10._Methods.csproj", "{06C990EC-78A4-437A-A313-26BBFCE05421}"
EndProject
Project("{FAE04EC0-301F-11D3-BF4B-00C04F79EFBC}") = "Setion2.11._Fields", "Setion2.11._Fields\Setion2.11._Fields.csproj", "{A86F2E5C-C07C-402C-AA2C-38093B3DCD84}"
EndProject
Project("{FAE04EC0-301F-11D3-BF4B-00C04F79EFBC}") = "Section2.12._AccessModifiers", "Section2.12._AccessModifiers\Section2.12._AccessModifiers.csproj", "{30D7CE19-EF81-4EA7-BA95-846319BA7BAD}"
EndProject
Project("{FAE04EC0-301F-11D3-BF4B-00C04F79EFBC}") = "Section2.13._Properties", "Section2.13._Properties\Section2.13._Properties.csproj", "{6E61B373-9A2F-4147-85AF-A3005E83D8CA}"
EndProject
Project("{FAE04EC0-301F-11D3-BF4B-00C04F79EFBC}") = "Section1.4.27._Non-PrimativeTypes_Classes", "Section1.4.27._Non-PrimativeTypes_Classes\Section1.4.27._Non-PrimativeTypes_Classes.csproj", "{28D77581-FAF3-4E9C-BAB0-55C89136519E}"
EndProject
Project("{FAE04EC0-301F-11D3-BF4B-00C04F79EFBC}") = "Section1.4.29._Non-PrimativeTypes_Structs", "Section1.4.29._Non-PrimativeTypes_Structs\Section1.4.29._Non-PrimativeTypes_Structs.csproj", "{26ED9983-33B7-48F7-9368-827E0536EECE}"
EndProject
Project("{FAE04EC0-301F-11D3-BF4B-00C04F79EFBC}") = "Section1.4.31._Non-PrimativeTypes_Arrays", "Section1.4.Non-PrimativeTypes_Arrays\Section1.4.31._Non-PrimativeTypes_Arrays.csproj", "{544AC457-8B37-474B-8534-878E70782DAE}"
EndProject
Project("{FAE04EC0-301F-11D3-BF4B-00C04F79EFBC}") = "Section1.4.32._Non-PrimativeTypes_Strings", "Section1.4.32._Non-PrimativeTypes_Strings\Section1.4.32._Non-PrimativeTypes_Strings.csproj", "{618D91D0-E039-4083-8A19-C65EAD67CF62}"
EndProject
Global
	GlobalSection(SolutionConfigurationPlatforms) = preSolution
		Debug|Any CPU = Debug|Any CPU
		Release|Any CPU = Release|Any CPU
	EndGlobalSection
	GlobalSection(ProjectConfigurationPlatforms) = postSolution
		{65A4702D-6F67-4255-A715-04EC35039939}.Debug|Any CPU.ActiveCfg = Debug|Any CPU
		{65A4702D-6F67-4255-A715-04EC35039939}.Debug|Any CPU.Build.0 = Debug|Any CPU
		{65A4702D-6F67-4255-A715-04EC35039939}.Release|Any CPU.ActiveCfg = Release|Any CPU
		{65A4702D-6F67-4255-A715-04EC35039939}.Release|Any CPU.Build.0 = Release|Any CPU
		{A6483540-6607-4606-B171-5C296CD09A59}.Debug|Any CPU.ActiveCfg = Debug|Any CPU
		{A6483540-6607-4606-B171-5C296CD09A59}.Debug|Any CPU.Build.0 = Debug|Any CPU
		{A6483540-6607-4606-B171-5C296CD09A59}.Release|Any CPU.ActiveCfg = Release|Any CPU
		{A6483540-6607-4606-B171-5C296CD09A59}.Release|Any CPU.Build.0 = Release|Any CPU
		{6AA9CDEB-591C-4B14-991A-85FBD8552094}.Debug|Any CPU.ActiveCfg = Debug|Any CPU
		{6AA9CDEB-591C-4B14-991A-85FBD8552094}.Debug|Any CPU.Build.0 = Debug|Any CPU
		{6AA9CDEB-591C-4B14-991A-85FBD8552094}.Release|Any CPU.ActiveCfg = Release|Any CPU
		{6AA9CDEB-591C-4B14-991A-85FBD8552094}.Release|Any CPU.Build.0 = Release|Any CPU
		{49F9D438-347C-483F-A324-98121C0A0F88}.Debug|Any CPU.ActiveCfg = Debug|Any CPU
		{49F9D438-347C-483F-A324-98121C0A0F88}.Debug|Any CPU.Build.0 = Debug|Any CPU
		{49F9D438-347C-483F-A324-98121C0A0F88}.Release|Any CPU.ActiveCfg = Release|Any CPU
		{49F9D438-347C-483F-A324-98121C0A0F88}.Release|Any CPU.Build.0 = Release|Any CPU
		{C7554C08-5764-4D9C-BCD2-AA2A3EBFBDD6}.Debug|Any CPU.ActiveCfg = Debug|Any CPU
		{C7554C08-5764-4D9C-BCD2-AA2A3EBFBDD6}.Debug|Any CPU.Build.0 = Debug|Any CPU
		{C7554C08-5764-4D9C-BCD2-AA2A3EBFBDD6}.Release|Any CPU.ActiveCfg = Release|Any CPU
		{C7554C08-5764-4D9C-BCD2-AA2A3EBFBDD6}.Release|Any CPU.Build.0 = Release|Any CPU
		{06C990EC-78A4-437A-A313-26BBFCE05421}.Debug|Any CPU.ActiveCfg = Debug|Any CPU
		{06C990EC-78A4-437A-A313-26BBFCE05421}.Debug|Any CPU.Build.0 = Debug|Any CPU
		{06C990EC-78A4-437A-A313-26BBFCE05421}.Release|Any CPU.ActiveCfg = Release|Any CPU
		{06C990EC-78A4-437A-A313-26BBFCE05421}.Release|Any CPU.Build.0 = Release|Any CPU
		{A86F2E5C-C07C-402C-AA2C-38093B3DCD84}.Debug|Any CPU.ActiveCfg = Debug|Any CPU
		{A86F2E5C-C07C-402C-AA2C-38093B3DCD84}.Debug|Any CPU.Build.0 = Debug|Any CPU
		{A86F2E5C-C07C-402C-AA2C-38093B3DCD84}.Release|Any CPU.ActiveCfg = Release|Any CPU
		{A86F2E5C-C07C-402C-AA2C-38093B3DCD84}.Release|Any CPU.Build.0 = Release|Any CPU
		{30D7CE19-EF81-4EA7-BA95-846319BA7BAD}.Debug|Any CPU.ActiveCfg = Debug|Any CPU
		{30D7CE19-EF81-4EA7-BA95-846319BA7BAD}.Debug|Any CPU.Build.0 = Debug|Any CPU
		{30D7CE19-EF81-4EA7-BA95-846319BA7BAD}.Release|Any CPU.ActiveCfg = Release|Any CPU
		{30D7CE19-EF81-4EA7-BA95-846319BA7BAD}.Release|Any CPU.Build.0 = Release|Any CPU
		{6E61B373-9A2F-4147-85AF-A3005E83D8CA}.Debug|Any CPU.ActiveCfg = Debug|Any CPU
		{6E61B373-9A2F-4147-85AF-A3005E83D8CA}.Debug|Any CPU.Build.0 = Debug|Any CPU
		{6E61B373-9A2F-4147-85AF-A3005E83D8CA}.Release|Any CPU.ActiveCfg = Release|Any CPU
		{6E61B373-9A2F-4147-85AF-A3005E83D8CA}.Release|Any CPU.Build.0 = Release|Any CPU
		{28D77581-FAF3-4E9C-BAB0-55C89136519E}.Debug|Any CPU.ActiveCfg = Debug|Any CPU
		{28D77581-FAF3-4E9C-BAB0-55C89136519E}.Debug|Any CPU.Build.0 = Debug|Any CPU
		{28D77581-FAF3-4E9C-BAB0-55C89136519E}.Release|Any CPU.ActiveCfg = Release|Any CPU
		{28D77581-FAF3-4E9C-BAB0-55C89136519E}.Release|Any CPU.Build.0 = Release|Any CPU
		{26ED9983-33B7-48F7-9368-827E0536EECE}.Debug|Any CPU.ActiveCfg = Debug|Any CPU
		{26ED9983-33B7-48F7-9368-827E0536EECE}.Debug|Any CPU.Build.0 = Debug|Any CPU
		{26ED9983-33B7-48F7-9368-827E0536EECE}.Release|Any CPU.ActiveCfg = Release|Any CPU
		{26ED9983-33B7-48F7-9368-827E0536EECE}.Release|Any CPU.Build.0 = Release|Any CPU
		{544AC457-8B37-474B-8534-878E70782DAE}.Debug|Any CPU.ActiveCfg = Debug|Any CPU
		{544AC457-8B37-474B-8534-878E70782DAE}.Debug|Any CPU.Build.0 = Debug|Any CPU
		{544AC457-8B37-474B-8534-878E70782DAE}.Release|Any CPU.ActiveCfg = Release|Any CPU
		{544AC457-8B37-474B-8534-878E70782DAE}.Release|Any CPU.Build.0 = Release|Any CPU
		{618D91D0-E039-4083-8A19-C65EAD67CF62}.Debug|Any CPU.ActiveCfg = Debug|Any CPU
		{618D91D0-E039-4083-8A19-C65EAD67CF62}.Debug|Any CPU.Build.0 = Debug|Any CPU
		{618D91D0-E039-4083-8A19-C65EAD67CF62}.Release|Any CPU.ActiveCfg = Release|Any CPU
		{618D91D0-E039-4083-8A19-C65EAD67CF62}.Release|Any CPU.Build.0 = Release|Any CPU
	EndGlobalSection
EndGlobal
